<?xml version="1.0" encoding="utf-8"?>
<Project ToolsVersion="4.0" xmlns="http://schemas.microsoft.com/developer/msbuild/2003">
  <ItemGroup>
    <Filter Include="Source Files">
      <UniqueIdentifier>{4FC737F1-C7A5-4376-A066-2A32D752A2FF}</UniqueIdentifier>
      <Extensions>cpp;c;cc;cxx;c++;cppm;ixx;def;odl;idl;hpj;bat;asm;asmx</Extensions>
    </Filter>
    <Filter Include="Header Files">
      <UniqueIdentifier>{93995380-89BD-4b04-88EB-625FBE52EBFB}</UniqueIdentifier>
      <Extensions>h;hh;hpp;hxx;h++;hm;inl;inc;ipp;xsd</Extensions>
    </Filter>
    <Filter Include="Resource Files">
      <UniqueIdentifier>{67DA6AB6-F800-4c08-8B7A-83BB121AAD01}</UniqueIdentifier>
      <Extensions>rc;ico;cur;bmp;dlg;rc2;rct;bin;rgs;gif;jpg;jpeg;jpe;resx;tiff;tif;png;wav;mfcribbon-ms</Extensions>
    </Filter>
    <Filter Include="Source Files\Map">
      <UniqueIdentifier>{34566301-d828-48ba-842d-2417cae538ec}</UniqueIdentifier>
    </Filter>
    <Filter Include="Header Files\Map">
      <UniqueIdentifier>{2a23911b-1923-4944-b676-577ae6515113}</UniqueIdentifier>
    </Filter>
    <Filter Include="Header Files\Enemy">
      <UniqueIdentifier>{2db1237a-5d61-48cf-a02a-a91535fd3f9e}</UniqueIdentifier>
    </Filter>
    <Filter Include="Source Files\Enemy">
      <UniqueIdentifier>{036655b8-3a78-4082-a28b-4776219225fb}</UniqueIdentifier>
    </Filter>
    <Filter Include="Header Files\Manager">
      <UniqueIdentifier>{f5f2bc51-a64f-4510-8c0a-0b56903d1b2a}</UniqueIdentifier>
    </Filter>
    <Filter Include="Source Files\Manager">
      <UniqueIdentifier>{04cbf56d-e1eb-4e05-acb3-0bda4784d023}</UniqueIdentifier>
    </Filter>
    <Filter Include="Header Files\Map\Grid">
      <UniqueIdentifier>{456aa176-670d-42e3-a388-16bfdaf7e57e}</UniqueIdentifier>
    </Filter>
    <Filter Include="Source Files\Map\Grid">
      <UniqueIdentifier>{6b83b21b-caa1-4493-902b-eb647abeeb1a}</UniqueIdentifier>
    </Filter>
    <Filter Include="Header Files\PlayGame">
      <UniqueIdentifier>{b69c0c38-726b-4af5-8a9b-7276e4f0d390}</UniqueIdentifier>
    </Filter>
    <Filter Include="Source Files\PlayGame">
      <UniqueIdentifier>{de4844e6-8f94-4875-b7f8-a719410a9570}</UniqueIdentifier>
    </Filter>
    <Filter Include="Header Files\Tower">
      <UniqueIdentifier>{2e680389-54d2-4a00-8679-f5c1494b84d3}</UniqueIdentifier>
    </Filter>
    <Filter Include="Header Files\Bullet">
      <UniqueIdentifier>{6065637a-d08e-48b5-b2d6-a2a2ce770c98}</UniqueIdentifier>
    </Filter>
    <Filter Include="Source Files\Bullet">
      <UniqueIdentifier>{64018e33-d7fd-4510-bb04-3e5a2c599db8}</UniqueIdentifier>
    </Filter>
    <Filter Include="Source Files\Tower">
      <UniqueIdentifier>{abb5c694-96cf-4a46-ab6d-7f415851da76}</UniqueIdentifier>
    </Filter>
  </ItemGroup>
  <ItemGroup>
    <ClCompile Include="Main.cpp">
      <Filter>Source Files</Filter>
    </ClCompile>
    <ClCompile Include="MapGame.cpp">
      <Filter>Source Files\Map</Filter>
    </ClCompile>
    <ClCompile Include="cenemy.cpp">
      <Filter>Source Files\Enemy</Filter>
    </ClCompile>
    <ClCompile Include="GameWindow.cpp">
      <Filter>Source Files\Manager</Filter>
    </ClCompile>
    <ClCompile Include="Background.cpp">
      <Filter>Source Files\Map</Filter>
    </ClCompile>
    <ClCompile Include="cpoint.h">
      <Filter>Header Files\Map\Grid</Filter>
    </ClCompile>
    <ClCompile Include="cpoint.cpp">
      <Filter>Source Files\Map\Grid</Filter>
    </ClCompile>
    <ClCompile Include="MapGrid.cpp">
      <Filter>Source Files\Map\Grid</Filter>
    </ClCompile>
    <ClCompile Include="EnemyManager.cpp">
      <Filter>Source Files\Manager</Filter>
    </ClCompile>
    <ClCompile Include="Play.cpp">
      <Filter>Source Files\PlayGame</Filter>
    </ClCompile>
    <ClCompile Include="Bullet.cpp">
      <Filter>Source Files\Bullet</Filter>
    </ClCompile>
    <ClCompile Include="TextureManager.cpp">
      <Filter>Source Files\Manager</Filter>
    </ClCompile>
    <ClCompile Include="Tower.cpp">
      <Filter>Source Files\Tower</Filter>
    </ClCompile>
    <ClCompile Include="TowerManager.cpp">
      <Filter>Source Files\Manager</Filter>
    </ClCompile>
    <ClCompile Include="TowerSlot.cpp">
      <Filter>Source Files\Tower</Filter>
    </ClCompile>
  </ItemGroup>
  <ItemGroup>
    <ClInclude Include="MapGame.h">
      <Filter>Header Files\Map</Filter>
    </ClInclude>
    <ClInclude Include="cenemy.h">
      <Filter>Header Files\Enemy</Filter>
    </ClInclude>
    <ClInclude Include="GameWindow.h">
      <Filter>Header Files\Manager</Filter>
    </ClInclude>
    <ClInclude Include="EnemyManager.h">
      <Filter>Header Files\Manager</Filter>
    </ClInclude>
    <ClInclude Include="Background.h">
      <Filter>Header Files\Map</Filter>
    </ClInclude>
    <ClInclude Include="MapGrid.h">
      <Filter>Header Files\Map\Grid</Filter>
    </ClInclude>
    <ClInclude Include="Play.h">
      <Filter>Header Files\PlayGame</Filter>
    </ClInclude>
    <ClInclude Include="Tower.h">
      <Filter>Header Files\Tower</Filter>
    </ClInclude>
    <ClInclude Include="Bullet.h">
      <Filter>Header Files\Bullet</Filter>
    </ClInclude>
    <ClInclude Include="TextureManager.h">
      <Filter>Header Files\Manager</Filter>
    </ClInclude>
    <ClInclude Include="TowerManager.h">
      <Filter>Header Files\Manager</Filter>
    </ClInclude>
    <ClInclude Include="TowerSlot.h">
      <Filter>Header Files\Tower</Filter>
    </ClInclude>
  </ItemGroup>
</Project>